
Microsoft Visual Studio Solution File, Format Version 12.00
# Visual Studio Version 16
VisualStudioVersion = 16.0.29411.108
MinimumVisualStudioVersion = 10.0.40219.1
Project("{FAE04EC0-301F-11D3-BF4B-00C04F79EFBC}") = "MyoMapper", "MyoMapper\MyoMapper.csproj", "{0DA8F209-E5C3-4B57-8037-BB6D34391585}"
EndProject
Global
	GlobalSection(SolutionConfigurationPlatforms) = preSolution
		Debug|Any CPU = Debug|Any CPU
		Release|Any CPU = Release|Any CPU
	EndGlobalSection
	GlobalSection(ProjectConfigurationPlatforms) = postSolution
		{0DA8F209-E5C3-4B57-8037-BB6D34391585}.Debug|Any CPU.ActiveCfg = Debug|Any CPU
		{0DA8F209-E5C3-4B57-8037-BB6D34391585}.Debug|Any CPU.Build.0 = Debug|Any CPU
		{0DA8F209-E5C3-4B57-8037-BB6D34391585}.Release|Any CPU.ActiveCfg = Release|Any CPU
		{0DA8F209-E5C3-4B57-8037-BB6D34391585}.Release|Any CPU.Build.0 = Release|Any CPU
	EndGlobalSection
	GlobalSection(SolutionProperties) = preSolution
		HideSolutionNode = FALSE
	EndGlobalSection
	GlobalSection(ExtensibilityGlobals) = postSolution
		SolutionGuid = {476AFC8F-5EB2-4572-9838-759DAABBFA22}
	EndGlobalSection
EndGlobal
